PODS:
  - CMPopTipView (2.3.0)
  - FirebaseAnalytics (3.4.4):
    - FirebaseCore (~> 3.4)
    - FirebaseInstanceID (~> 1.0)
    - GoogleInterchangeUtilities (~> 1.2)
    - GoogleSymbolUtilities (~> 1.1)
  - FirebaseCore (3.4.3):
    - GoogleInterchangeUtilities (~> 1.2)
    - GoogleUtilities (~> 1.2)
  - FirebaseInstanceID (1.0.8)
  - FMDB (2.6.2):
    - FMDB/standard (= 2.6.2)
  - FMDB/standard (2.6.2)
  - Google-Mobile-Ads-SDK (7.13.0)
  - Google/Analytics (3.0.3):
    - Google/Core
    - GoogleAnalytics (~> 3.12)
  - Google/Core (3.0.3):
    - FirebaseAnalytics (~> 3.2)
  - GoogleAnalytics (3.17.0)
  - GoogleInterchangeUtilities (1.2.2):
    - GoogleSymbolUtilities (~> 1.1)
  - GoogleSymbolUtilities (1.1.2)
  - GoogleUtilities (1.3.2):
    - GoogleSymbolUtilities (~> 1.1)
  - HTAutocompleteTextField (1.3.2)
  - MRProgress (0.8.3):
    - MRProgress/ActivityIndicator (= 0.8.3)
    - MRProgress/Blur (= 0.8.3)
    - MRProgress/Circular (= 0.8.3)
    - MRProgress/Icons (= 0.8.3)
    - MRProgress/NavigationBarProgress (= 0.8.3)
    - MRProgress/Overlay (= 0.8.3)
  - MRProgress/ActivityIndicator (0.8.3):
    - MRProgress/Stopable
  - MRProgress/Blur (0.8.3):
    - MRProgress/Helper
  - MRProgress/Circular (0.8.3):
    - MRProgress/Helper
    - MRProgress/ProgressBaseClass
    - MRProgress/Stopable
  - MRProgress/Helper (0.8.3)
  - MRProgress/Icons (0.8.3)
  - MRProgress/NavigationBarProgress (0.8.3):
    - MRProgress/ProgressBaseClass
  - MRProgress/Overlay (0.8.3):
    - MRProgress/ActivityIndicator
    - MRProgress/Blur
    - MRProgress/Circular
    - MRProgress/Helper
    - MRProgress/Icons
  - MRProgress/ProgressBaseClass (0.8.3)
  - MRProgress/Stopable (0.8.3):
    - MRProgress/Helper
  - objective-zip (1.0.2)
  - OpenSSL-iOS (1.0.204):
    - OpenSSL-iOS/Framework (= 1.0.204)
  - OpenSSL-iOS/Framework (1.0.204)
  - RMStore/AppReceiptVerificator (0.7.0):
    - OpenSSL-iOS
    - RMStore/Core
  - RMStore/Core (0.7.0)
  - RMStore/KeychainPersistence (0.7.0):
    - RMStore/Core
  - Tweaks (2.0.0)
  - UIAlertView-Blocks (1.0)

DEPENDENCIES:
  - CMPopTipView (= 2.3.0)
  - FMDB (= 2.6.2)
  - Google-Mobile-Ads-SDK (= 7.13.0)
  - Google/Analytics
  - HTAutocompleteTextField (= 1.3.2)
  - MRProgress (= 0.8.3)
  - objective-zip (= 1.0.2)
  - RMStore/AppReceiptVerificator (from `3rdparty/RMStore`)
  - RMStore/Core (from `3rdparty/RMStore`)
  - RMStore/KeychainPersistence (from `3rdparty/RMStore`)
  - Tweaks (~> 2.0.0)
  - UIAlertView-Blocks (~> 1.0)

EXTERNAL SOURCES:
  RMStore:
    :path: 3rdparty/RMStore

SPEC CHECKSUMS:
  CMPopTipView: 774e0230b5c73abb3c39051da6d8a383373c4f7f
  FirebaseAnalytics: 0533a00b681e08fd0b2cd0444b7ddf0ef9fd7a1a
  FirebaseCore: 5a885548bbc5f0c410b04f8e9ac9d73ff1221907
  FirebaseInstanceID: ba1e640935235e5fac39dfa816fe7660e72e1a8a
  FMDB: 854a0341b4726e53276f2a8996f06f1b80f9259a
  Google: 813c467362eabc11385f5a5cc9ad0cb651a58f4e
  Google-Mobile-Ads-SDK: b0cac2909229e8f13fb30e03537cdefbd7be28fa
  GoogleAnalytics: f42cc53a87a51fe94334821868d9c8481ff47a7b
  GoogleInterchangeUtilities: d5bc4d88d5b661ab72f9d70c58d02ca8c27ad1f7
  GoogleSymbolUtilities: 631ee17048aa5e9ab133470d768ea997a5ef9b96
  GoogleUtilities: 8bbc733218aad26306f9d4a253823986110e3358
  HTAutocompleteTextField: ce809f04875e843e20f214ab973bb496ba7a93b1
  MRProgress: 16de7cc9f347e8846797a770db102a323fe7ef09
  objective-zip: b78d235d234546105e118d35ae24a69feba08d44
  OpenSSL-iOS: 002cabfdfc2df48d63cebd723b90ada86c946316
  RMStore: 935f3e350c7f2f098047d73ddbd2ee2cd00f8b48
  Tweaks: 524fa47636cce3bf3a4d9156e980f10ae9480e81
  UIAlertView-Blocks: 7904744fca618afbd2ec646608924f5e69d5acd1

PODFILE CHECKSUM: e670f241f79c72f5626c8a93e9061212ecfaf50e

COCOAPODS: 1.1.1
