PODS:
  - CMPopTipView (2.3.0)
  - FMDB (2.6.2):
    - FMDB/standard (= 2.6.2)
  - FMDB/standard (2.6.2)
  - Google-Mobile-Ads-SDK (7.8.1)
  - Google/Analytics (2.0.4):
    - Google/Core
    - GoogleAnalytics (~> 3.12)
  - Google/Core (2.0.4):
    - GoogleInterchangeUtilities (~> 1.0)
    - GoogleNetworkingUtilities (~> 1.0)
    - GoogleSymbolUtilities (~> 1.0)
    - GoogleUtilities (~> 1.1)
  - GoogleAnalytics (3.14.0)
  - GoogleInterchangeUtilities (1.2.1):
    - GoogleSymbolUtilities (~> 1.0)
  - GoogleNetworkingUtilities (1.2.1):
    - GoogleSymbolUtilities (~> 1.0)
  - GoogleSymbolUtilities (1.1.1)
  - GoogleUtilities (1.3.1):
    - GoogleSymbolUtilities (~> 1.0)
  - HTAutocompleteTextField (1.3.2)
  - MRProgress (0.8.3):
    - MRProgress/ActivityIndicator (= 0.8.3)
    - MRProgress/Blur (= 0.8.3)
    - MRProgress/Circular (= 0.8.3)
    - MRProgress/Icons (= 0.8.3)
    - MRProgress/NavigationBarProgress (= 0.8.3)
    - MRProgress/Overlay (= 0.8.3)
  - MRProgress/ActivityIndicator (0.8.3):
    - MRProgress/Stopable
  - MRProgress/Blur (0.8.3):
    - MRProgress/Helper
  - MRProgress/Circular (0.8.3):
    - MRProgress/Helper
    - MRProgress/ProgressBaseClass
    - MRProgress/Stopable
  - MRProgress/Helper (0.8.3)
  - MRProgress/Icons (0.8.3)
  - MRProgress/NavigationBarProgress (0.8.3):
    - MRProgress/ProgressBaseClass
  - MRProgress/Overlay (0.8.3):
    - MRProgress/ActivityIndicator
    - MRProgress/Blur
    - MRProgress/Circular
    - MRProgress/Helper
    - MRProgress/Icons
  - MRProgress/ProgressBaseClass (0.8.3)
  - MRProgress/Stopable (0.8.3):
    - MRProgress/Helper
  - objective-zip (0.8.3)
  - OpenSSL-iOS (1.0.204):
    - OpenSSL-iOS/Framework (= 1.0.204)
  - OpenSSL-iOS/Framework (1.0.204)
  - RMStore/AppReceiptVerificator (0.7.0):
    - OpenSSL-iOS
    - RMStore/Core
  - RMStore/Core (0.7.0)
  - RMStore/KeychainPersistence (0.7.0):
    - RMStore/Core
  - Tweaks (2.0.0)
  - UIAlertView-Blocks (1.0)

DEPENDENCIES:
  - CMPopTipView (= 2.3.0)
  - FMDB (= 2.6.2)
  - Google-Mobile-Ads-SDK (= 7.8.1)
  - Google/Analytics
  - HTAutocompleteTextField (= 1.3.2)
  - MRProgress (= 0.8.3)
  - objective-zip (= 0.8.3)
  - RMStore/AppReceiptVerificator (from `3rdparty/RMStore`)
  - RMStore/Core (from `3rdparty/RMStore`)
  - RMStore/KeychainPersistence (from `3rdparty/RMStore`)
  - Tweaks (~> 2.0.0)
  - UIAlertView-Blocks (~> 1.0)

EXTERNAL SOURCES:
  RMStore:
    :path: 3rdparty/RMStore

SPEC CHECKSUMS:
  CMPopTipView: 774e0230b5c73abb3c39051da6d8a383373c4f7f
  FMDB: 854a0341b4726e53276f2a8996f06f1b80f9259a
  Google: d0932824c5b97c96be489aa6f4e8cd6c294d637d
  Google-Mobile-Ads-SDK: 3c2a6656117989469bfe7645640aa1de024a4c6c
  GoogleAnalytics: 9be1afdb8deeac4bb5f13ca7f7d3b9db2a1f43dc
  GoogleInterchangeUtilities: def8415a862effc67d549d5b5b0b9c7a2f97d4de
  GoogleNetworkingUtilities: 3e83269048cfb498dc7ec83ab36813360965c74f
  GoogleSymbolUtilities: 33117db1b5f290c6fbf259585e4885b4c84b98d7
  GoogleUtilities: 56c5ac05b7aa5dc417a1bb85221a9516e04d7032
  HTAutocompleteTextField: ce809f04875e843e20f214ab973bb496ba7a93b1
  MRProgress: 16de7cc9f347e8846797a770db102a323fe7ef09
  objective-zip: a27d4b3c060eead4325159e49178e7f0ad5ee808
  OpenSSL-iOS: 002cabfdfc2df48d63cebd723b90ada86c946316
  RMStore: 935f3e350c7f2f098047d73ddbd2ee2cd00f8b48
  Tweaks: 524fa47636cce3bf3a4d9156e980f10ae9480e81
  UIAlertView-Blocks: 7904744fca618afbd2ec646608924f5e69d5acd1

PODFILE CHECKSUM: 24057e39c5c2499d2a414e58fcb4e55e03a52ec1

COCOAPODS: 1.0.0
